#include <stdio.h>
#include <math.h>

int n = 10;
double s, dx, x, xmin = 1, xmax = 3;

int main()
{
    for (int i = 0; i < 5; i++)
    {
        dx = (xmax - xmin) / n;
        for (int j = 1; j < n; j++)
        {
            x = xmin + dx * (j - 1);
            s += x * sqrt(x * x + 1);
        }
        s *= dx;
        printf("N = %d ", n);
        printf("S = %lf\n", s);
        n *= 10;
        s = 0;
    }
    return 0;
}

N = 10 S = 7.138813
N = 100 S = 9.330179
N = 1000 S = 9.571096
N = 10000 S = 9.595412
N = 100000 S = 9.597846





#include <stdio.h>
#include <math.h>

long N = 10;
double s, dx, x, xi, xmin = 1, xmax = 3;

int main()
{
    for (int i = 0; i < 5; i++)
    {
        dx = (xmax - xmin) / N;
        for (int j = 1; j < N - 1; j++)
        {
            x = xmin + dx * (j - 1);
            xi = xmin + dx * (j);
            s += 0.5 * ((x * sqrt(x * x + 1))+ (xi * sqrt(xi * xi + 1)));
        }
        s *= dx;
        printf("N = %d ", N);
        printf("S = %lf\n", s);
        N *= 10;
        s = 0;
    }
    return 0;
}

N = 10 S = 6.273115
N = 100 S = 9.223555
N = 1000 S = 9.560218
N = 10000 S = 9.594322
N = 100000 S = 9.597737

9.5981


